// !$*UTF8*$!
{
	archiveVersion = 1;
	classes = {
	};
	objectVersion = 56;
	objects = {

/* Begin PBXBuildFile section */
		8472B23F2B30F89D00CE7F9B /* AppDelegate.swift in Sources */ = {isa = PBXBuildFile; fileRef = 8472B23E2B30F89D00CE7F9B /* AppDelegate.swift */; };
		8472B2412B30F89D00CE7F9B /* ViewController.swift in Sources */ = {isa = PBXBuildFile; fileRef = 8472B2402B30F89D00CE7F9B /* ViewController.swift */; };
		8472B2432B30F89F00CE7F9B /* Assets.xcassets in Resources */ = {isa = PBXBuildFile; fileRef = 8472B2422B30F89F00CE7F9B /* Assets.xcassets */; };
		8472B2462B30F89F00CE7F9B /* Main.storyboard in Resources */ = {isa = PBXBuildFile; fileRef = 8472B2442B30F89F00CE7F9B /* Main.storyboard */; };
		8472B24F2B30FBB900CE7F9B /* IdentityProvider.m in Sources */ = {isa = PBXBuildFile; fileRef = 8472B24E2B30FBB900CE7F9B /* IdentityProvider.m */; };
		8472B2522B31231200CE7F9B /* mTLSClient.m in Sources */ = {isa = PBXBuildFile; fileRef = 8472B2512B31231200CE7F9B /* mTLSClient.m */; };
		8472B2552B316C3D00CE7F9B /* client1.p12 in Resources */ = {isa = PBXBuildFile; fileRef = 8472B2542B316C3C00CE7F9B /* client1.p12 */; };
		8472B25A2B32897A00CE7F9B /* client2.p12 in Resources */ = {isa = PBXBuildFile; fileRef = 8472B2592B32897900CE7F9B /* client2.p12 */; };
		8472B25E2B3360E800CE7F9B /* ca2-cert.pem in Resources */ = {isa = PBXBuildFile; fileRef = 8472B25D2B3360E700CE7F9B /* ca2-cert.pem */; };
		8472B2642B3366CD00CE7F9B /* ca2-cert.der in Resources */ = {isa = PBXBuildFile; fileRef = 8472B2632B3366CD00CE7F9B /* ca2-cert.der */; };
/* End PBXBuildFile section */

/* Begin PBXFileReference section */
		8472B23B2B30F89D00CE7F9B /* mTLSClient.app */ = {isa = PBXFileReference; explicitFileType = wrapper.application; includeInIndex = 0; path = mTLSClient.app; sourceTree = BUILT_PRODUCTS_DIR; };
		8472B23E2B30F89D00CE7F9B /* AppDelegate.swift */ = {isa = PBXFileReference; lastKnownFileType = sourcecode.swift; path = AppDelegate.swift; sourceTree = "<group>"; };
		8472B2402B30F89D00CE7F9B /* ViewController.swift */ = {isa = PBXFileReference; lastKnownFileType = sourcecode.swift; path = ViewController.swift; sourceTree = "<group>"; };
		8472B2422B30F89F00CE7F9B /* Assets.xcassets */ = {isa = PBXFileReference; lastKnownFileType = folder.assetcatalog; path = Assets.xcassets; sourceTree = "<group>"; };
		8472B2452B30F89F00CE7F9B /* Base */ = {isa = PBXFileReference; lastKnownFileType = file.storyboard; name = Base; path = Base.lproj/Main.storyboard; sourceTree = "<group>"; };
		8472B2472B30F89F00CE7F9B /* mTLSClient.entitlements */ = {isa = PBXFileReference; lastKnownFileType = text.plist.entitlements; path = mTLSClient.entitlements; sourceTree = "<group>"; };
		8472B24D2B30FBB900CE7F9B /* mTLSClient-Bridging-Header.h */ = {isa = PBXFileReference; lastKnownFileType = sourcecode.c.h; path = "mTLSClient-Bridging-Header.h"; sourceTree = "<group>"; };
		8472B24E2B30FBB900CE7F9B /* IdentityProvider.m */ = {isa = PBXFileReference; lastKnownFileType = sourcecode.c.objc; path = IdentityProvider.m; sourceTree = "<group>"; };
		8472B2502B30FC0B00CE7F9B /* IdentityProvider.h */ = {isa = PBXFileReference; lastKnownFileType = sourcecode.c.h; path = IdentityProvider.h; sourceTree = "<group>"; };
		8472B2512B31231200CE7F9B /* mTLSClient.m */ = {isa = PBXFileReference; lastKnownFileType = sourcecode.c.objc; path = mTLSClient.m; sourceTree = "<group>"; };
		8472B2532B31233B00CE7F9B /* mTLSClient.h */ = {isa = PBXFileReference; lastKnownFileType = sourcecode.c.h; path = mTLSClient.h; sourceTree = "<group>"; };
		8472B2542B316C3C00CE7F9B /* client1.p12 */ = {isa = PBXFileReference; lastKnownFileType = file; path = client1.p12; sourceTree = "<group>"; };
		8472B2592B32897900CE7F9B /* client2.p12 */ = {isa = PBXFileReference; lastKnownFileType = file; path = client2.p12; sourceTree = "<group>"; };
		8472B25D2B3360E700CE7F9B /* ca2-cert.pem */ = {isa = PBXFileReference; fileEncoding = 4; lastKnownFileType = text; path = "ca2-cert.pem"; sourceTree = "<group>"; };
		8472B2632B3366CD00CE7F9B /* ca2-cert.der */ = {isa = PBXFileReference; lastKnownFileType = file; path = "ca2-cert.der"; sourceTree = "<group>"; };
/* End PBXFileReference section */

/* Begin PBXFrameworksBuildPhase section */
		8472B2382B30F89D00CE7F9B /* Frameworks */ = {
			isa = PBXFrameworksBuildPhase;
			buildActionMask = 2147483647;
			files = (
			);
			runOnlyForDeploymentPostprocessing = 0;
		};
/* End PBXFrameworksBuildPhase section */

/* Begin PBXGroup section */
		8472B2322B30F89D00CE7F9B = {
			isa = PBXGroup;
			children = (
				8472B23D2B30F89D00CE7F9B /* mTLSClient */,
				8472B23C2B30F89D00CE7F9B /* Products */,
			);
			sourceTree = "<group>";
		};
		8472B23C2B30F89D00CE7F9B /* Products */ = {
			isa = PBXGroup;
			children = (
				8472B23B2B30F89D00CE7F9B /* mTLSClient.app */,
			);
			name = Products;
			sourceTree = "<group>";
		};
		8472B23D2B30F89D00CE7F9B /* mTLSClient */ = {
			isa = PBXGroup;
			children = (
				8472B2632B3366CD00CE7F9B /* ca2-cert.der */,
				8472B25D2B3360E700CE7F9B /* ca2-cert.pem */,
				8472B2592B32897900CE7F9B /* client2.p12 */,
				8472B23E2B30F89D00CE7F9B /* AppDelegate.swift */,
				8472B2402B30F89D00CE7F9B /* ViewController.swift */,
				8472B2422B30F89F00CE7F9B /* Assets.xcassets */,
				8472B2442B30F89F00CE7F9B /* Main.storyboard */,
				8472B2472B30F89F00CE7F9B /* mTLSClient.entitlements */,
				8472B24E2B30FBB900CE7F9B /* IdentityProvider.m */,
				8472B2502B30FC0B00CE7F9B /* IdentityProvider.h */,
				8472B24D2B30FBB900CE7F9B /* mTLSClient-Bridging-Header.h */,
				8472B2512B31231200CE7F9B /* mTLSClient.m */,
				8472B2532B31233B00CE7F9B /* mTLSClient.h */,
				8472B2542B316C3C00CE7F9B /* client1.p12 */,
			);
			path = mTLSClient;
			sourceTree = "<group>";
		};
/* End PBXGroup section */

/* Begin PBXNativeTarget section */
		8472B23A2B30F89D00CE7F9B /* mTLSClient */ = {
			isa = PBXNativeTarget;
			buildConfigurationList = 8472B24A2B30F89F00CE7F9B /* Build configuration list for PBXNativeTarget "mTLSClient" */;
			buildPhases = (
				8472B2372B30F89D00CE7F9B /* Sources */,
				8472B2382B30F89D00CE7F9B /* Frameworks */,
				8472B2392B30F89D00CE7F9B /* Resources */,
			);
			buildRules = (
			);
			dependencies = (
			);
			name = mTLSClient;
			productName = mTLSClient;
			productReference = 8472B23B2B30F89D00CE7F9B /* mTLSClient.app */;
			productType = "com.apple.product-type.application";
		};
/* End PBXNativeTarget section */

/* Begin PBXProject section */
		8472B2332B30F89D00CE7F9B /* Project object */ = {
			isa = PBXProject;
			attributes = {
				BuildIndependentTargetsInParallel = 1;
				LastSwiftUpdateCheck = 1430;
				LastUpgradeCheck = 1430;
				TargetAttributes = {
					8472B23A2B30F89D00CE7F9B = {
						CreatedOnToolsVersion = 14.3.1;
						LastSwiftMigration = 1430;
					};
				};
			};
			buildConfigurationList = 8472B2362B30F89D00CE7F9B /* Build configuration list for PBXProject "mTLSClient" */;
			compatibilityVersion = "Xcode 14.0";
			developmentRegion = en;
			hasScannedForEncodings = 0;
			knownRegions = (
				en,
				Base,
			);
			mainGroup = 8472B2322B30F89D00CE7F9B;
			productRefGroup = 8472B23C2B30F89D00CE7F9B /* Products */;
			projectDirPath = "";
			projectRoot = "";
			targets = (
				8472B23A2B30F89D00CE7F9B /* mTLSClient */,
			);
		};
/* End PBXProject section */

/* Begin PBXResourcesBuildPhase section */
		8472B2392B30F89D00CE7F9B /* Resources */ = {
			isa = PBXResourcesBuildPhase;
			buildActionMask = 2147483647;
			files = (
				8472B2642B3366CD00CE7F9B /* ca2-cert.der in Resources */,
				8472B2432B30F89F00CE7F9B /* Assets.xcassets in Resources */,
				8472B25A2B32897A00CE7F9B /* client2.p12 in Resources */,
				8472B2462B30F89F00CE7F9B /* Main.storyboard in Resources */,
				8472B25E2B3360E800CE7F9B /* ca2-cert.pem in Resources */,
				8472B2552B316C3D00CE7F9B /* client1.p12 in Resources */,
			);
			runOnlyForDeploymentPostprocessing = 0;
		};
/* End PBXResourcesBuildPhase section */

/* Begin PBXSourcesBuildPhase section */
		8472B2372B30F89D00CE7F9B /* Sources */ = {
			isa = PBXSourcesBuildPhase;
			buildActionMask = 2147483647;
			files = (
				8472B2412B30F89D00CE7F9B /* ViewController.swift in Sources */,
				8472B23F2B30F89D00CE7F9B /* AppDelegate.swift in Sources */,
				8472B2522B31231200CE7F9B /* mTLSClient.m in Sources */,
				8472B24F2B30FBB900CE7F9B /* IdentityProvider.m in Sources */,
			);
			runOnlyForDeploymentPostprocessing = 0;
		};
/* End PBXSourcesBuildPhase section */

/* Begin PBXVariantGroup section */
		8472B2442B30F89F00CE7F9B /* Main.storyboard */ = {
			isa = PBXVariantGroup;
			children = (
				8472B2452B30F89F00CE7F9B /* Base */,
			);
			name = Main.storyboard;
			sourceTree = "<group>";
		};
/* End PBXVariantGroup section */

/* Begin XCBuildConfiguration section */
		8472B2482B30F89F00CE7F9B /* Debug */ = {
			isa = XCBuildConfiguration;
			buildSettings = {
				ALWAYS_SEARCH_USER_PATHS = NO;
				CLANG_ANALYZER_NONNULL = YES;
				CLANG_ANALYZER_NUMBER_OBJECT_CONVERSION = YES_AGGRESSIVE;
				CLANG_CXX_LANGUAGE_STANDARD = "gnu++20";
				CLANG_ENABLE_MODULES = YES;
				CLANG_ENABLE_OBJC_ARC = YES;
				CLANG_ENABLE_OBJC_WEAK = YES;
				CLANG_WARN_BLOCK_CAPTURE_AUTORELEASING = YES;
				CLANG_WARN_BOOL_CONVERSION = YES;
				CLANG_WARN_COMMA = YES;
				CLANG_WARN_CONSTANT_CONVERSION = YES;
				CLANG_WARN_DEPRECATED_OBJC_IMPLEMENTATIONS = YES;
				CLANG_WARN_DIRECT_OBJC_ISA_USAGE = YES_ERROR;
				CLANG_WARN_DOCUMENTATION_COMMENTS = YES;
				CLANG_WARN_EMPTY_BODY = YES;
				CLANG_WARN_ENUM_CONVERSION = YES;
				CLANG_WARN_INFINITE_RECURSION = YES;
				CLANG_WARN_INT_CONVERSION = YES;
				CLANG_WARN_NON_LITERAL_NULL_CONVERSION = YES;
				CLANG_WARN_OBJC_IMPLICIT_RETAIN_SELF = YES;
				CLANG_WARN_OBJC_LITERAL_CONVERSION = YES;
				CLANG_WARN_OBJC_ROOT_CLASS = YES_ERROR;
				CLANG_WARN_QUOTED_INCLUDE_IN_FRAMEWORK_HEADER = YES;
				CLANG_WARN_RANGE_LOOP_ANALYSIS = YES;
				CLANG_WARN_STRICT_PROTOTYPES = YES;
				CLANG_WARN_SUSPICIOUS_MOVE = YES;
				CLANG_WARN_UNGUARDED_AVAILABILITY = YES_AGGRESSIVE;
				CLANG_WARN_UNREACHABLE_CODE = YES;
				CLANG_WARN__DUPLICATE_METHOD_MATCH = YES;
				COPY_PHASE_STRIP = NO;
				DEBUG_INFORMATION_FORMAT = dwarf;
				ENABLE_STRICT_OBJC_MSGSEND = YES;
				ENABLE_TESTABILITY = YES;
				GCC_C_LANGUAGE_STANDARD = gnu11;
				GCC_DYNAMIC_NO_PIC = NO;
				GCC_NO_COMMON_BLOCKS = YES;
				GCC_OPTIMIZATION_LEVEL = 0;
				GCC_PREPROCESSOR_DEFINITIONS = (
					"DEBUG=1",
					"$(inherited)",
				);
				GCC_WARN_64_TO_32_BIT_CONVERSION = YES;
				GCC_WARN_ABOUT_RETURN_TYPE = YES_ERROR;
				GCC_WARN_UNDECLARED_SELECTOR = YES;
				GCC_WARN_UNINITIALIZED_AUTOS = YES_AGGRESSIVE;
				GCC_WARN_UNUSED_FUNCTION = YES;
				GCC_WARN_UNUSED_VARIABLE = YES;
				MACOSX_DEPLOYMENT_TARGET = 13.3;
				MTL_ENABLE_DEBUG_INFO = INCLUDE_SOURCE;
				MTL_FAST_MATH = YES;
				ONLY_ACTIVE_ARCH = YES;
				SDKROOT = macosx;
				SWIFT_ACTIVE_COMPILATION_CONDITIONS = DEBUG;
				SWIFT_OPTIMIZATION_LEVEL = "-Onone";
			};
			name = Debug;
		};
		8472B2492B30F89F00CE7F9B /* Release */ = {
			isa = XCBuildConfiguration;
			buildSettings = {
				ALWAYS_SEARCH_USER_PATHS = NO;
				CLANG_ANALYZER_NONNULL = YES;
				CLANG_ANALYZER_NUMBER_OBJECT_CONVERSION = YES_AGGRESSIVE;
				CLANG_CXX_LANGUAGE_STANDARD = "gnu++20";
				CLANG_ENABLE_MODULES = YES;
				CLANG_ENABLE_OBJC_ARC = YES;
				CLANG_ENABLE_OBJC_WEAK = YES;
				CLANG_WARN_BLOCK_CAPTURE_AUTORELEASING = YES;
				CLANG_WARN_BOOL_CONVERSION = YES;
				CLANG_WARN_COMMA = YES;
				CLANG_WARN_CONSTANT_CONVERSION = YES;
				CLANG_WARN_DEPRECATED_OBJC_IMPLEMENTATIONS = YES;
				CLANG_WARN_DIRECT_OBJC_ISA_USAGE = YES_ERROR;
				CLANG_WARN_DOCUMENTATION_COMMENTS = YES;
				CLANG_WARN_EMPTY_BODY = YES;
				CLANG_WARN_ENUM_CONVERSION = YES;
				CLANG_WARN_INFINITE_RECURSION = YES;
				CLANG_WARN_INT_CONVERSION = YES;
				CLANG_WARN_NON_LITERAL_NULL_CONVERSION = YES;
				CLANG_WARN_OBJC_IMPLICIT_RETAIN_SELF = YES;
				CLANG_WARN_OBJC_LITERAL_CONVERSION = YES;
				CLANG_WARN_OBJC_ROOT_CLASS = YES_ERROR;
				CLANG_WARN_QUOTED_INCLUDE_IN_FRAMEWORK_HEADER = YES;
				CLANG_WARN_RANGE_LOOP_ANALYSIS = YES;
				CLANG_WARN_STRICT_PROTOTYPES = YES;
				CLANG_WARN_SUSPICIOUS_MOVE = YES;
				CLANG_WARN_UNGUARDED_AVAILABILITY = YES_AGGRESSIVE;
				CLANG_WARN_UNREACHABLE_CODE = YES;
				CLANG_WARN__DUPLICATE_METHOD_MATCH = YES;
				COPY_PHASE_STRIP = NO;
				DEBUG_INFORMATION_FORMAT = "dwarf-with-dsym";
				ENABLE_NS_ASSERTIONS = NO;
				ENABLE_STRICT_OBJC_MSGSEND = YES;
				GCC_C_LANGUAGE_STANDARD = gnu11;
				GCC_NO_COMMON_BLOCKS = YES;
				GCC_WARN_64_TO_32_BIT_CONVERSION = YES;
				GCC_WARN_ABOUT_RETURN_TYPE = YES_ERROR;
				GCC_WARN_UNDECLARED_SELECTOR = YES;
				GCC_WARN_UNINITIALIZED_AUTOS = YES_AGGRESSIVE;
				GCC_WARN_UNUSED_FUNCTION = YES;
				GCC_WARN_UNUSED_VARIABLE = YES;
				MACOSX_DEPLOYMENT_TARGET = 13.3;
				MTL_ENABLE_DEBUG_INFO = NO;
				MTL_FAST_MATH = YES;
				SDKROOT = macosx;
				SWIFT_COMPILATION_MODE = wholemodule;
				SWIFT_OPTIMIZATION_LEVEL = "-O";
			};
			name = Release;
		};
		8472B24B2B30F89F00CE7F9B /* Debug */ = {
			isa = XCBuildConfiguration;
			buildSettings = {
				ASSETCATALOG_COMPILER_APPICON_NAME = AppIcon;
				ASSETCATALOG_COMPILER_GLOBAL_ACCENT_COLOR_NAME = AccentColor;
				CLANG_ENABLE_MODULES = YES;
				CODE_SIGN_ENTITLEMENTS = mTLSClient/mTLSClient.entitlements;
				CODE_SIGN_STYLE = Automatic;
				COMBINE_HIDPI_IMAGES = YES;
				CURRENT_PROJECT_VERSION = 1;
				DEVELOPMENT_TEAM = "";
				GENERATE_INFOPLIST_FILE = YES;
				INFOPLIST_KEY_NSHumanReadableCopyright = "";
				INFOPLIST_KEY_NSMainStoryboardFile = Main;
				INFOPLIST_KEY_NSPrincipalClass = NSApplication;
				LD_RUNPATH_SEARCH_PATHS = (
					"$(inherited)",
					"@executable_path/../Frameworks",
				);
				MARKETING_VERSION = 1.0;
				PRODUCT_BUNDLE_IDENTIFIER = RK.mTLSClient;
				PRODUCT_NAME = "$(TARGET_NAME)";
				SWIFT_EMIT_LOC_STRINGS = YES;
				SWIFT_OBJC_BRIDGING_HEADER = "mTLSClient/mTLSClient-Bridging-Header.h";
				SWIFT_OPTIMIZATION_LEVEL = "-Onone";
				SWIFT_VERSION = 5.0;
			};
			name = Debug;
		};
		8472B24C2B30F89F00CE7F9B /* Release */ = {
			isa = XCBuildConfiguration;
			buildSettings = {
				ASSETCATALOG_COMPILER_APPICON_NAME = AppIcon;
				ASSETCATALOG_COMPILER_GLOBAL_ACCENT_COLOR_NAME = AccentColor;
				CLANG_ENABLE_MODULES = YES;
				CODE_SIGN_ENTITLEMENTS = mTLSClient/mTLSClient.entitlements;
				CODE_SIGN_STYLE = Automatic;
				COMBINE_HIDPI_IMAGES = YES;
				CURRENT_PROJECT_VERSION = 1;
				DEVELOPMENT_TEAM = "";
				GENERATE_INFOPLIST_FILE = YES;
				INFOPLIST_KEY_NSHumanReadableCopyright = "";
				INFOPLIST_KEY_NSMainStoryboardFile = Main;
				INFOPLIST_KEY_NSPrincipalClass = NSApplication;
				LD_RUNPATH_SEARCH_PATHS = (
					"$(inherited)",
					"@executable_path/../Frameworks",
				);
				MARKETING_VERSION = 1.0;
				PRODUCT_BUNDLE_IDENTIFIER = RK.mTLSClient;
				PRODUCT_NAME = "$(TARGET_NAME)";
				SWIFT_EMIT_LOC_STRINGS = YES;
				SWIFT_OBJC_BRIDGING_HEADER = "mTLSClient/mTLSClient-Bridging-Header.h";
				SWIFT_VERSION = 5.0;
			};
			name = Release;
		};
/* End XCBuildConfiguration section */

/* Begin XCConfigurationList section */
		8472B2362B30F89D00CE7F9B /* Build configuration list for PBXProject "mTLSClient" */ = {
			isa = XCConfigurationList;
			buildConfigurations = (
				8472B2482B30F89F00CE7F9B /* Debug */,
				8472B2492B30F89F00CE7F9B /* Release */,
			);
			defaultConfigurationIsVisible = 0;
			defaultConfigurationName = Release;
		};
		8472B24A2B30F89F00CE7F9B /* Build configuration list for PBXNativeTarget "mTLSClient" */ = {
			isa = XCConfigurationList;
			buildConfigurations = (
				8472B24B2B30F89F00CE7F9B /* Debug */,
				8472B24C2B30F89F00CE7F9B /* Release */,
			);
			defaultConfigurationIsVisible = 0;
			defaultConfigurationName = Release;
		};
/* End XCConfigurationList section */
	};
	rootObject = 8472B2332B30F89D00CE7F9B /* Project object */;
}
